
Microsoft Visual Studio Solution File, Format Version 12.00
# Visual Studio 15
VisualStudioVersion = 15.0.27703.2047
MinimumVisualStudioVersion = 10.0.40219.1
Project("{9A19103F-16F7-4668-BE54-9A1E7A4F7556}") = "aliyun-net-sdk-alidns.vs2017", "aliyun-net-sdk-alidns.vs2017.csproj", "{1F184414-60A6-4C88-85B2-61A3722CDB15}"
EndProject
Project("{9A19103F-16F7-4668-BE54-9A1E7A4F7556}") = "aliyun-net-sdk-core.vs2017", "..\aliyun-net-sdk-core\aliyun-net-sdk-core.vs2017.csproj", "{51581AB6-3427-407C-8A90-09EEF0C02E1E}"
EndProject
Global
	GlobalSection(SolutionConfigurationPlatforms) = preSolution
		Debug|Any CPU = Debug|Any CPU
		Release|Any CPU = Release|Any CPU
	EndGlobalSection
	GlobalSection(ProjectConfigurationPlatforms) = postSolution
		{1F184414-60A6-4C88-85B2-61A3722CDB15}.Debug|Any CPU.ActiveCfg = Debug|Any CPU
		{1F184414-60A6-4C88-85B2-61A3722CDB15}.Debug|Any CPU.Build.0 = Debug|Any CPU
		{1F184414-60A6-4C88-85B2-61A3722CDB15}.Release|Any CPU.ActiveCfg = Release|Any CPU
		{1F184414-60A6-4C88-85B2-61A3722CDB15}.Release|Any CPU.Build.0 = Release|Any CPU
		{51581AB6-3427-407C-8A90-09EEF0C02E1E}.Debug|Any CPU.ActiveCfg = Debug|Any CPU
		{51581AB6-3427-407C-8A90-09EEF0C02E1E}.Debug|Any CPU.Build.0 = Debug|Any CPU
		{51581AB6-3427-407C-8A90-09EEF0C02E1E}.Release|Any CPU.ActiveCfg = Release|Any CPU
		{51581AB6-3427-407C-8A90-09EEF0C02E1E}.Release|Any CPU.Build.0 = Release|Any CPU
	EndGlobalSection
	GlobalSection(SolutionProperties) = preSolution
		HideSolutionNode = FALSE
	EndGlobalSection
	GlobalSection(ExtensibilityGlobals) = postSolution
		SolutionGuid = {897AE474-E7AE-4A8E-B9D5-A25B3581A1E2}
	EndGlobalSection
EndGlobal
